
Microsoft Visual Studio Solution File, Format Version 12.00
# Visual Studio Version 17
VisualStudioVersion = 17.7.34024.191
MinimumVisualStudioVersion = 10.0.40219.1
Project("{8BC9CEB8-8B4A-11D0-8D11-00A0C91BC942}") = "ConsoleApplication1", "ConsoleApplication1\ConsoleApplication1.vcxproj", "{5B1C924C-575E-439F-8C03-E888FC5978E1}"
EndProject
Global
	GlobalSection(SolutionConfigurationPlatforms) = preSolution
		Debug|x64 = Debug|x64
		Debug|x86 = Debug|x86
		Release|x64 = Release|x64
		Release|x86 = Release|x86
	EndGlobalSection
	GlobalSection(ProjectConfigurationPlatforms) = postSolution
		{5B1C924C-575E-439F-8C03-E888FC5978E1}.Debug|x64.ActiveCfg = Debug|x64
		{5B1C924C-575E-439F-8C03-E888FC5978E1}.Debug|x64.Build.0 = Debug|x64
		{5B1C924C-575E-439F-8C03-E888FC5978E1}.Debug|x86.ActiveCfg = Debug|Win32
		{5B1C924C-575E-439F-8C03-E888FC5978E1}.Debug|x86.Build.0 = Debug|Win32
		{5B1C924C-575E-439F-8C03-E888FC5978E1}.Release|x64.ActiveCfg = Release|x64
		{5B1C924C-575E-439F-8C03-E888FC5978E1}.Release|x64.Build.0 = Release|x64
		{5B1C924C-575E-439F-8C03-E888FC5978E1}.Release|x86.ActiveCfg = Release|Win32
		{5B1C924C-575E-439F-8C03-E888FC5978E1}.Release|x86.Build.0 = Release|Win32
	EndGlobalSection
	GlobalSection(SolutionProperties) = preSolution
		HideSolutionNode = FALSE
	EndGlobalSection
	GlobalSection(ExtensibilityGlobals) = postSolution
		SolutionGuid = {870C5304-D66C-4923-AC09-0F1E3F77617E}
	EndGlobalSection
EndGlobal
